
Microsoft Visual Studio Solution File, Format Version 12.00
# Visual Studio Version 17
VisualStudioVersion = 17.8.34330.188
MinimumVisualStudioVersion = 10.0.40219.1
Project("{9A19103F-16F7-4668-BE54-9A1E7A4F7556}") = "IdentityServer", "seeu.identity\IdentityServer.csproj", "{E6233AD3-5574-4530-B23E-AC5B7A203FEE}"
EndProject
Global
	GlobalSection(SolutionConfigurationPlatforms) = preSolution
		Debug|Any CPU = Debug|Any CPU
		Release|Any CPU = Release|Any CPU
	EndGlobalSection
	GlobalSection(ProjectConfigurationPlatforms) = postSolution
		{E6233AD3-5574-4530-B23E-AC5B7A203FEE}.Debug|Any CPU.ActiveCfg = Debug|Any CPU
		{E6233AD3-5574-4530-B23E-AC5B7A203FEE}.Debug|Any CPU.Build.0 = Debug|Any CPU
		{E6233AD3-5574-4530-B23E-AC5B7A203FEE}.Release|Any CPU.ActiveCfg = Release|Any CPU
		{E6233AD3-5574-4530-B23E-AC5B7A203FEE}.Release|Any CPU.Build.0 = Release|Any CPU
	EndGlobalSection
	GlobalSection(SolutionProperties) = preSolution
		HideSolutionNode = FALSE
	EndGlobalSection
	GlobalSection(ExtensibilityGlobals) = postSolution
		SolutionGuid = {ECBEDBD2-1BC7-4897-B3CE-DFF74BA67A8D}
	EndGlobalSection
EndGlobal
